
Microsoft Visual Studio Solution File, Format Version 12.00
# Visual Studio Version 17
VisualStudioVersion = 17.10.35013.160
MinimumVisualStudioVersion = 10.0.40219.1
Project("{9A19103F-16F7-4668-BE54-9A1E7A4F7556}") = "CalendarRepo", "CalendarRepo.csproj", "{B5AF7ECB-161B-4883-9D7B-72A539AD475F}"
EndProject
Global
	GlobalSection(SolutionConfigurationPlatforms) = preSolution
		Debug|Any CPU = Debug|Any CPU
		Release|Any CPU = Release|Any CPU
	EndGlobalSection
	GlobalSection(ProjectConfigurationPlatforms) = postSolution
		{B5AF7ECB-161B-4883-9D7B-72A539AD475F}.Debug|Any CPU.ActiveCfg = Debug|Any CPU
		{B5AF7ECB-161B-4883-9D7B-72A539AD475F}.Debug|Any CPU.Build.0 = Debug|Any CPU
		{B5AF7ECB-161B-4883-9D7B-72A539AD475F}.Release|Any CPU.ActiveCfg = Release|Any CPU
		{B5AF7ECB-161B-4883-9D7B-72A539AD475F}.Release|Any CPU.Build.0 = Release|Any CPU
	EndGlobalSection
	GlobalSection(SolutionProperties) = preSolution
		HideSolutionNode = FALSE
	EndGlobalSection
	GlobalSection(ExtensibilityGlobals) = postSolution
		SolutionGuid = {632C7A48-1BBE-43F2-8A18-75A5F8CBFE7A}
	EndGlobalSection
EndGlobal
